// !$*UTF8*$!
{
	archiveVersion = 1;
	classes = {
	};
	objectVersion = 46;
	objects = {

/* Begin PBXBuildFile section */
		085800641C8997F600E7DB28 /* main.m in Sources */ = {isa = PBXBuildFile; fileRef = 085800631C8997F600E7DB28 /* main.m */; };
		085800671C8997F600E7DB28 /* AppDelegate.m in Sources */ = {isa = PBXBuildFile; fileRef = 085800661C8997F600E7DB28 /* AppDelegate.m */; };
		0858006F1C8997F700E7DB28 /* Assets.xcassets in Resources */ = {isa = PBXBuildFile; fileRef = 0858006E1C8997F700E7DB28 /* Assets.xcassets */; };
		085800721C8997F700E7DB28 /* LaunchScreen.storyboard in Resources */ = {isa = PBXBuildFile; fileRef = 085800701C8997F700E7DB28 /* LaunchScreen.storyboard */; };
		0858007D1C8997F700E7DB28 /* LY_MasTableViewTests.m in Sources */ = {isa = PBXBuildFile; fileRef = 0858007C1C8997F700E7DB28 /* LY_MasTableViewTests.m */; };
		085800881C8997F700E7DB28 /* LY_MasTableViewUITests.m in Sources */ = {isa = PBXBuildFile; fileRef = 085800871C8997F700E7DB28 /* LY_MasTableViewUITests.m */; };
		085800971C89982400E7DB28 /* LYMasTableViewCell.m in Sources */ = {isa = PBXBuildFile; fileRef = 085800961C89982400E7DB28 /* LYMasTableViewCell.m */; };
		0858009A1C89983500E7DB28 /* LYMasTableViewController.m in Sources */ = {isa = PBXBuildFile; fileRef = 085800991C89983500E7DB28 /* LYMasTableViewController.m */; };
		0858009D1C89984400E7DB28 /* LYMasModel.m in Sources */ = {isa = PBXBuildFile; fileRef = 0858009C1C89984400E7DB28 /* LYMasModel.m */; };
		085800B91C899ADA00E7DB28 /* Info.plist in Resources */ = {isa = PBXBuildFile; fileRef = 0858009F1C899ADA00E7DB28 /* Info.plist */; };
		085800BA1C899ADA00E7DB28 /* MASCompositeConstraint.m in Sources */ = {isa = PBXBuildFile; fileRef = 085800A11C899ADA00E7DB28 /* MASCompositeConstraint.m */; };
		085800BB1C899ADA00E7DB28 /* MASConstraint.m in Sources */ = {isa = PBXBuildFile; fileRef = 085800A41C899ADA00E7DB28 /* MASConstraint.m */; };
		085800BC1C899ADA00E7DB28 /* MASConstraintMaker.m in Sources */ = {isa = PBXBuildFile; fileRef = 085800A61C899ADA00E7DB28 /* MASConstraintMaker.m */; };
		085800BD1C899ADA00E7DB28 /* MASLayoutConstraint.m in Sources */ = {isa = PBXBuildFile; fileRef = 085800A81C899ADA00E7DB28 /* MASLayoutConstraint.m */; };
		085800BE1C899ADA00E7DB28 /* MASViewAttribute.m in Sources */ = {isa = PBXBuildFile; fileRef = 085800AC1C899ADA00E7DB28 /* MASViewAttribute.m */; };
		085800BF1C899ADA00E7DB28 /* MASViewConstraint.m in Sources */ = {isa = PBXBuildFile; fileRef = 085800AE1C899ADA00E7DB28 /* MASViewConstraint.m */; };
		085800C01C899ADA00E7DB28 /* NSArray+MASAdditions.m in Sources */ = {isa = PBXBuildFile; fileRef = 085800B01C899ADA00E7DB28 /* NSArray+MASAdditions.m */; };
		085800C11C899ADA00E7DB28 /* NSLayoutConstraint+MASDebugAdditions.m in Sources */ = {isa = PBXBuildFile; fileRef = 085800B31C899ADA00E7DB28 /* NSLayoutConstraint+MASDebugAdditions.m */; };
		085800C21C899ADA00E7DB28 /* View+MASAdditions.m in Sources */ = {isa = PBXBuildFile; fileRef = 085800B51C899ADA00E7DB28 /* View+MASAdditions.m */; };
		085800C31C899ADA00E7DB28 /* ViewController+MASAdditions.m in Sources */ = {isa = PBXBuildFile; fileRef = 085800B81C899ADA00E7DB28 /* ViewController+MASAdditions.m */; };
/* End PBXBuildFile section */

/* Begin PBXContainerItemProxy section */
		085800791C8997F700E7DB28 /* PBXContainerItemProxy */ = {
			isa = PBXContainerItemProxy;
			containerPortal = 085800571C8997F600E7DB28 /* Project object */;
			proxyType = 1;
			remoteGlobalIDString = 0858005E1C8997F600E7DB28;
			remoteInfo = LY_MasTableView;
		};
		085800841C8997F700E7DB28 /* PBXContainerItemProxy */ = {
			isa = PBXContainerItemProxy;
			containerPortal = 085800571C8997F600E7DB28 /* Project object */;
			proxyType = 1;
			remoteGlobalIDString = 0858005E1C8997F600E7DB28;
			remoteInfo = LY_MasTableView;
		};
/* End PBXContainerItemProxy section */

/* Begin PBXFileReference section */
		0858005F1C8997F600E7DB28 /* LY_MasTableView.app */ = {isa = PBXFileReference; explicitFileType = wrapper.application; includeInIndex = 0; path = LY_MasTableView.app; sourceTree = BUILT_PRODUCTS_DIR; };
		085800631C8997F600E7DB28 /* main.m */ = {isa = PBXFileReference; lastKnownFileType = sourcecode.c.objc; path = main.m; sourceTree = "<group>"; };
		085800651C8997F600E7DB28 /* AppDelegate.h */ = {isa = PBXFileReference; lastKnownFileType = sourcecode.c.h; path = AppDelegate.h; sourceTree = "<group>"; };
		085800661C8997F600E7DB28 /* AppDelegate.m */ = {isa = PBXFileReference; lastKnownFileType = sourcecode.c.objc; path = AppDelegate.m; sourceTree = "<group>"; };
		0858006E1C8997F700E7DB28 /* Assets.xcassets */ = {isa = PBXFileReference; lastKnownFileType = folder.assetcatalog; path = Assets.xcassets; sourceTree = "<group>"; };
		085800711C8997F700E7DB28 /* Base */ = {isa = PBXFileReference; lastKnownFileType = file.storyboard; name = Base; path = Base.lproj/LaunchScreen.storyboard; sourceTree = "<group>"; };
		085800731C8997F700E7DB28 /* Info.plist */ = {isa = PBXFileReference; lastKnownFileType = text.plist.xml; path = Info.plist; sourceTree = "<group>"; };
		085800781C8997F700E7DB28 /* LY_MasTableViewTests.xctest */ = {isa = PBXFileReference; explicitFileType = wrapper.cfbundle; includeInIndex = 0; path = LY_MasTableViewTests.xctest; sourceTree = BUILT_PRODUCTS_DIR; };
		0858007C1C8997F700E7DB28 /* LY_MasTableViewTests.m */ = {isa = PBXFileReference; lastKnownFileType = sourcecode.c.objc; path = LY_MasTableViewTests.m; sourceTree = "<group>"; };
		0858007E1C8997F700E7DB28 /* Info.plist */ = {isa = PBXFileReference; lastKnownFileType = text.plist.xml; path = Info.plist; sourceTree = "<group>"; };
		085800831C8997F700E7DB28 /* LY_MasTableViewUITests.xctest */ = {isa = PBXFileReference; explicitFileType = wrapper.cfbundle; includeInIndex = 0; path = LY_MasTableViewUITests.xctest; sourceTree = BUILT_PRODUCTS_DIR; };
		085800871C8997F700E7DB28 /* LY_MasTableViewUITests.m */ = {isa = PBXFileReference; lastKnownFileType = sourcecode.c.objc; path = LY_MasTableViewUITests.m; sourceTree = "<group>"; };
		085800891C8997F700E7DB28 /* Info.plist */ = {isa = PBXFileReference; lastKnownFileType = text.plist.xml; path = Info.plist; sourceTree = "<group>"; };
		085800951C89982400E7DB28 /* LYMasTableViewCell.h */ = {isa = PBXFileReference; fileEncoding = 4; lastKnownFileType = sourcecode.c.h; path = LYMasTableViewCell.h; sourceTree = "<group>"; };
		085800961C89982400E7DB28 /* LYMasTableViewCell.m */ = {isa = PBXFileReference; fileEncoding = 4; lastKnownFileType = sourcecode.c.objc; path = LYMasTableViewCell.m; sourceTree = "<group>"; };
		085800981C89983500E7DB28 /* LYMasTableViewController.h */ = {isa = PBXFileReference; fileEncoding = 4; lastKnownFileType = sourcecode.c.h; path = LYMasTableViewController.h; sourceTree = "<group>"; };
		085800991C89983500E7DB28 /* LYMasTableViewController.m */ = {isa = PBXFileReference; fileEncoding = 4; lastKnownFileType = sourcecode.c.objc; path = LYMasTableViewController.m; sourceTree = "<group>"; };
		0858009B1C89984400E7DB28 /* LYMasModel.h */ = {isa = PBXFileReference; fileEncoding = 4; lastKnownFileType = sourcecode.c.h; path = LYMasModel.h; sourceTree = "<group>"; };
		0858009C1C89984400E7DB28 /* LYMasModel.m */ = {isa = PBXFileReference; fileEncoding = 4; lastKnownFileType = sourcecode.c.objc; path = LYMasModel.m; sourceTree = "<group>"; };
		0858009F1C899ADA00E7DB28 /* Info.plist */ = {isa = PBXFileReference; fileEncoding = 4; lastKnownFileType = text.plist.xml; path = Info.plist; sourceTree = "<group>"; };
		085800A01C899ADA00E7DB28 /* MASCompositeConstraint.h */ = {isa = PBXFileReference; fileEncoding = 4; lastKnownFileType = sourcecode.c.h; path = MASCompositeConstraint.h; sourceTree = "<group>"; };
		085800A11C899ADA00E7DB28 /* MASCompositeConstraint.m */ = {isa = PBXFileReference; fileEncoding = 4; lastKnownFileType = sourcecode.c.objc; path = MASCompositeConstraint.m; sourceTree = "<group>"; };
		085800A21C899ADA00E7DB28 /* MASConstraint+Private.h */ = {isa = PBXFileReference; fileEncoding = 4; lastKnownFileType = sourcecode.c.h; path = "MASConstraint+Private.h"; sourceTree = "<group>"; };
		085800A31C899ADA00E7DB28 /* MASConstraint.h */ = {isa = PBXFileReference; fileEncoding = 4; lastKnownFileType = sourcecode.c.h; path = MASConstraint.h; sourceTree = "<group>"; };
		085800A41C899ADA00E7DB28 /* MASConstraint.m */ = {isa = PBXFileReference; fileEncoding = 4; lastKnownFileType = sourcecode.c.objc; path = MASConstraint.m; sourceTree = "<group>"; };
		085800A51C899ADA00E7DB28 /* MASConstraintMaker.h */ = {isa = PBXFileReference; fileEncoding = 4; lastKnownFileType = sourcecode.c.h; path = MASConstraintMaker.h; sourceTree = "<group>"; };
		085800A61C899ADA00E7DB28 /* MASConstraintMaker.m */ = {isa = PBXFileReference; fileEncoding = 4; lastKnownFileType = sourcecode.c.objc; path = MASConstraintMaker.m; sourceTree = "<group>"; };
		085800A71C899ADA00E7DB28 /* MASLayoutConstraint.h */ = {isa = PBXFileReference; fileEncoding = 4; lastKnownFileType = sourcecode.c.h; path = MASLayoutConstraint.h; sourceTree = "<group>"; };
		085800A81C899ADA00E7DB28 /* MASLayoutConstraint.m */ = {isa = PBXFileReference; fileEncoding = 4; lastKnownFileType = sourcecode.c.objc; path = MASLayoutConstraint.m; sourceTree = "<group>"; };
		085800A91C899ADA00E7DB28 /* Masonry.h */ = {isa = PBXFileReference; fileEncoding = 4; lastKnownFileType = sourcecode.c.h; path = Masonry.h; sourceTree = "<group>"; };
		085800AA1C899ADA00E7DB28 /* MASUtilities.h */ = {isa = PBXFileReference; fileEncoding = 4; lastKnownFileType = sourcecode.c.h; path = MASUtilities.h; sourceTree = "<group>"; };
		085800AB1C899ADA00E7DB28 /* MASViewAttribute.h */ = {isa = PBXFileReference; fileEncoding = 4; lastKnownFileType = sourcecode.c.h; path = MASViewAttribute.h; sourceTree = "<group>"; };
		085800AC1C899ADA00E7DB28 /* MASViewAttribute.m */ = {isa = PBXFileReference; fileEncoding = 4; lastKnownFileType = sourcecode.c.objc; path = MASViewAttribute.m; sourceTree = "<group>"; };
		085800AD1C899ADA00E7DB28 /* MASViewConstraint.h */ = {isa = PBXFileReference; fileEncoding = 4; lastKnownFileType = sourcecode.c.h; path = MASViewConstraint.h; sourceTree = "<group>"; };
		085800AE1C899ADA00E7DB28 /* MASViewConstraint.m */ = {isa = PBXFileReference; fileEncoding = 4; lastKnownFileType = sourcecode.c.objc; path = MASViewConstraint.m; sourceTree = "<group>"; };
		085800AF1C899ADA00E7DB28 /* NSArray+MASAdditions.h */ = {isa = PBXFileReference; fileEncoding = 4; lastKnownFileType = sourcecode.c.h; path = "NSArray+MASAdditions.h"; sourceTree = "<group>"; };
		085800B01C899ADA00E7DB28 /* NSArray+MASAdditions.m */ = {isa = PBXFileReference; fileEncoding = 4; lastKnownFileType = sourcecode.c.objc; path = "NSArray+MASAdditions.m"; sourceTree = "<group>"; };
		085800B11C899ADA00E7DB28 /* NSArray+MASShorthandAdditions.h */ = {isa = PBXFileReference; fileEncoding = 4; lastKnownFileType = sourcecode.c.h; path = "NSArray+MASShorthandAdditions.h"; sourceTree = "<group>"; };
		085800B21C899ADA00E7DB28 /* NSLayoutConstraint+MASDebugAdditions.h */ = {isa = PBXFileReference; fileEncoding = 4; lastKnownFileType = sourcecode.c.h; path = "NSLayoutConstraint+MASDebugAdditions.h"; sourceTree = "<group>"; };
		085800B31C899ADA00E7DB28 /* NSLayoutConstraint+MASDebugAdditions.m */ = {isa = PBXFileReference; fileEncoding = 4; lastKnownFileType = sourcecode.c.objc; path = "NSLayoutConstraint+MASDebugAdditions.m"; sourceTree = "<group>"; };
		085800B41C899ADA00E7DB28 /* View+MASAdditions.h */ = {isa = PBXFileReference; fileEncoding = 4; lastKnownFileType = sourcecode.c.h; path = "View+MASAdditions.h"; sourceTree = "<group>"; };
		085800B51C899ADA00E7DB28 /* View+MASAdditions.m */ = {isa = PBXFileReference; fileEncoding = 4; lastKnownFileType = sourcecode.c.objc; path = "View+MASAdditions.m"; sourceTree = "<group>"; };
		085800B61C899ADA00E7DB28 /* View+MASShorthandAdditions.h */ = {isa = PBXFileReference; fileEncoding = 4; lastKnownFileType = sourcecode.c.h; path = "View+MASShorthandAdditions.h"; sourceTree = "<group>"; };
		085800B71C899ADA00E7DB28 /* ViewController+MASAdditions.h */ = {isa = PBXFileReference; fileEncoding = 4; lastKnownFileType = sourcecode.c.h; path = "ViewController+MASAdditions.h"; sourceTree = "<group>"; };
		085800B81C899ADA00E7DB28 /* ViewController+MASAdditions.m */ = {isa = PBXFileReference; fileEncoding = 4; lastKnownFileType = sourcecode.c.objc; path = "ViewController+MASAdditions.m"; sourceTree = "<group>"; };
/* End PBXFileReference section */

/* Begin PBXFrameworksBuildPhase section */
		0858005C1C8997F600E7DB28 /* Frameworks */ = {
			isa = PBXFrameworksBuildPhase;
			buildActionMask = 2147483647;
			files = (
			);
			runOnlyForDeploymentPostprocessing = 0;
		};
		085800751C8997F700E7DB28 /* Frameworks */ = {
			isa = PBXFrameworksBuildPhase;
			buildActionMask = 2147483647;
			files = (
			);
			runOnlyForDeploymentPostprocessing = 0;
		};
		085800801C8997F700E7DB28 /* Frameworks */ = {
			isa = PBXFrameworksBuildPhase;
			buildActionMask = 2147483647;
			files = (
			);
			runOnlyForDeploymentPostprocessing = 0;
		};
/* End PBXFrameworksBuildPhase section */

/* Begin PBXGroup section */
		085800561C8997F600E7DB28 = {
			isa = PBXGroup;
			children = (
				085800611C8997F600E7DB28 /* LY_MasTableView */,
				0858007B1C8997F700E7DB28 /* LY_MasTableViewTests */,
				085800861C8997F700E7DB28 /* LY_MasTableViewUITests */,
				085800601C8997F600E7DB28 /* Products */,
			);
			sourceTree = "<group>";
		};
		085800601C8997F600E7DB28 /* Products */ = {
			isa = PBXGroup;
			children = (
				0858005F1C8997F600E7DB28 /* LY_MasTableView.app */,
				085800781C8997F700E7DB28 /* LY_MasTableViewTests.xctest */,
				085800831C8997F700E7DB28 /* LY_MasTableViewUITests.xctest */,
			);
			name = Products;
			sourceTree = "<group>";
		};
		085800611C8997F600E7DB28 /* LY_MasTableView */ = {
			isa = PBXGroup;
			children = (
				0858009E1C899ADA00E7DB28 /* Masonry */,
				085800651C8997F600E7DB28 /* AppDelegate.h */,
				085800661C8997F600E7DB28 /* AppDelegate.m */,
				085800981C89983500E7DB28 /* LYMasTableViewController.h */,
				085800991C89983500E7DB28 /* LYMasTableViewController.m */,
				085800951C89982400E7DB28 /* LYMasTableViewCell.h */,
				085800961C89982400E7DB28 /* LYMasTableViewCell.m */,
				0858009B1C89984400E7DB28 /* LYMasModel.h */,
				0858009C1C89984400E7DB28 /* LYMasModel.m */,
				0858006E1C8997F700E7DB28 /* Assets.xcassets */,
				085800701C8997F700E7DB28 /* LaunchScreen.storyboard */,
				085800731C8997F700E7DB28 /* Info.plist */,
				085800621C8997F600E7DB28 /* Supporting Files */,
			);
			path = LY_MasTableView;
			sourceTree = "<group>";
		};
		085800621C8997F600E7DB28 /* Supporting Files */ = {
			isa = PBXGroup;
			children = (
				085800631C8997F600E7DB28 /* main.m */,
			);
			name = "Supporting Files";
			sourceTree = "<group>";
		};
		0858007B1C8997F700E7DB28 /* LY_MasTableViewTests */ = {
			isa = PBXGroup;
			children = (
				0858007C1C8997F700E7DB28 /* LY_MasTableViewTests.m */,
				0858007E1C8997F700E7DB28 /* Info.plist */,
			);
			path = LY_MasTableViewTests;
			sourceTree = "<group>";
		};
		085800861C8997F700E7DB28 /* LY_MasTableViewUITests */ = {
			isa = PBXGroup;
			children = (
				085800871C8997F700E7DB28 /* LY_MasTableViewUITests.m */,
				085800891C8997F700E7DB28 /* Info.plist */,
			);
			path = LY_MasTableViewUITests;
			sourceTree = "<group>";
		};
		0858009E1C899ADA00E7DB28 /* Masonry */ = {
			isa = PBXGroup;
			children = (
				0858009F1C899ADA00E7DB28 /* Info.plist */,
				085800A01C899ADA00E7DB28 /* MASCompositeConstraint.h */,
				085800A11C899ADA00E7DB28 /* MASCompositeConstraint.m */,
				085800A21C899ADA00E7DB28 /* MASConstraint+Private.h */,
				085800A31C899ADA00E7DB28 /* MASConstraint.h */,
				085800A41C899ADA00E7DB28 /* MASConstraint.m */,
				085800A51C899ADA00E7DB28 /* MASConstraintMaker.h */,
				085800A61C899ADA00E7DB28 /* MASConstraintMaker.m */,
				085800A71C899ADA00E7DB28 /* MASLayoutConstraint.h */,
				085800A81C899ADA00E7DB28 /* MASLayoutConstraint.m */,
				085800A91C899ADA00E7DB28 /* Masonry.h */,
				085800AA1C899ADA00E7DB28 /* MASUtilities.h */,
				085800AB1C899ADA00E7DB28 /* MASViewAttribute.h */,
				085800AC1C899ADA00E7DB28 /* MASViewAttribute.m */,
				085800AD1C899ADA00E7DB28 /* MASViewConstraint.h */,
				085800AE1C899ADA00E7DB28 /* MASViewConstraint.m */,
				085800AF1C899ADA00E7DB28 /* NSArray+MASAdditions.h */,
				085800B01C899ADA00E7DB28 /* NSArray+MASAdditions.m */,
				085800B11C899ADA00E7DB28 /* NSArray+MASShorthandAdditions.h */,
				085800B21C899ADA00E7DB28 /* NSLayoutConstraint+MASDebugAdditions.h */,
				085800B31C899ADA00E7DB28 /* NSLayoutConstraint+MASDebugAdditions.m */,
				085800B41C899ADA00E7DB28 /* View+MASAdditions.h */,
				085800B51C899ADA00E7DB28 /* View+MASAdditions.m */,
				085800B61C899ADA00E7DB28 /* View+MASShorthandAdditions.h */,
				085800B71C899ADA00E7DB28 /* ViewController+MASAdditions.h */,
				085800B81C899ADA00E7DB28 /* ViewController+MASAdditions.m */,
			);
			path = Masonry;
			sourceTree = "<group>";
		};
/* End PBXGroup section */

/* Begin PBXNativeTarget section */
		0858005E1C8997F600E7DB28 /* LY_MasTableView */ = {
			isa = PBXNativeTarget;
			buildConfigurationList = 0858008C1C8997F700E7DB28 /* Build configuration list for PBXNativeTarget "LY_MasTableView" */;
			buildPhases = (
				0858005B1C8997F600E7DB28 /* Sources */,
				0858005C1C8997F600E7DB28 /* Frameworks */,
				0858005D1C8997F600E7DB28 /* Resources */,
			);
			buildRules = (
			);
			dependencies = (
			);
			name = LY_MasTableView;
			productName = LY_MasTableView;
			productReference = 0858005F1C8997F600E7DB28 /* LY_MasTableView.app */;
			productType = "com.apple.product-type.application";
		};
		085800771C8997F700E7DB28 /* LY_MasTableViewTests */ = {
			isa = PBXNativeTarget;
			buildConfigurationList = 0858008F1C8997F700E7DB28 /* Build configuration list for PBXNativeTarget "LY_MasTableViewTests" */;
			buildPhases = (
				085800741C8997F700E7DB28 /* Sources */,
				085800751C8997F700E7DB28 /* Frameworks */,
				085800761C8997F700E7DB28 /* Resources */,
			);
			buildRules = (
			);
			dependencies = (
				0858007A1C8997F700E7DB28 /* PBXTargetDependency */,
			);
			name = LY_MasTableViewTests;
			productName = LY_MasTableViewTests;
			productReference = 085800781C8997F700E7DB28 /* LY_MasTableViewTests.xctest */;
			productType = "com.apple.product-type.bundle.unit-test";
		};
		085800821C8997F700E7DB28 /* LY_MasTableViewUITests */ = {
			isa = PBXNativeTarget;
			buildConfigurationList = 085800921C8997F700E7DB28 /* Build configuration list for PBXNativeTarget "LY_MasTableViewUITests" */;
			buildPhases = (
				0858007F1C8997F700E7DB28 /* Sources */,
				085800801C8997F700E7DB28 /* Frameworks */,
				085800811C8997F700E7DB28 /* Resources */,
			);
			buildRules = (
			);
			dependencies = (
				085800851C8997F700E7DB28 /* PBXTargetDependency */,
			);
			name = LY_MasTableViewUITests;
			productName = LY_MasTableViewUITests;
			productReference = 085800831C8997F700E7DB28 /* LY_MasTableViewUITests.xctest */;
			productType = "com.apple.product-type.bundle.ui-testing";
		};
/* End PBXNativeTarget section */

/* Begin PBXProject section */
		085800571C8997F600E7DB28 /* Project object */ = {
			isa = PBXProject;
			attributes = {
				CLASSPREFIX = LY;
				LastUpgradeCheck = 0720;
				ORGANIZATIONNAME = liyang;
				TargetAttributes = {
					0858005E1C8997F600E7DB28 = {
						CreatedOnToolsVersion = 7.2;
					};
					085800771C8997F700E7DB28 = {
						CreatedOnToolsVersion = 7.2;
						TestTargetID = 0858005E1C8997F600E7DB28;
					};
					085800821C8997F700E7DB28 = {
						CreatedOnToolsVersion = 7.2;
						TestTargetID = 0858005E1C8997F600E7DB28;
					};
				};
			};
			buildConfigurationList = 0858005A1C8997F600E7DB28 /* Build configuration list for PBXProject "LY_MasTableView" */;
			compatibilityVersion = "Xcode 3.2";
			developmentRegion = English;
			hasScannedForEncodings = 0;
			knownRegions = (
				en,
				Base,
			);
			mainGroup = 085800561C8997F600E7DB28;
			productRefGroup = 085800601C8997F600E7DB28 /* Products */;
			projectDirPath = "";
			projectRoot = "";
			targets = (
				0858005E1C8997F600E7DB28 /* LY_MasTableView */,
				085800771C8997F700E7DB28 /* LY_MasTableViewTests */,
				085800821C8997F700E7DB28 /* LY_MasTableViewUITests */,
			);
		};
/* End PBXProject section */

/* Begin PBXResourcesBuildPhase section */
		0858005D1C8997F600E7DB28 /* Resources */ = {
			isa = PBXResourcesBuildPhase;
			buildActionMask = 2147483647;
			files = (
				085800721C8997F700E7DB28 /* LaunchScreen.storyboard in Resources */,
				0858006F1C8997F700E7DB28 /* Assets.xcassets in Resources */,
				085800B91C899ADA00E7DB28 /* Info.plist in Resources */,
			);
			runOnlyForDeploymentPostprocessing = 0;
		};
		085800761C8997F700E7DB28 /* Resources */ = {
			isa = PBXResourcesBuildPhase;
			buildActionMask = 2147483647;
			files = (
			);
			runOnlyForDeploymentPostprocessing = 0;
		};
		085800811C8997F700E7DB28 /* Resources */ = {
			isa = PBXResourcesBuildPhase;
			buildActionMask = 2147483647;
			files = (
			);
			runOnlyForDeploymentPostprocessing = 0;
		};
/* End PBXResourcesBuildPhase section */

/* Begin PBXSourcesBuildPhase section */
		0858005B1C8997F600E7DB28 /* Sources */ = {
			isa = PBXSourcesBuildPhase;
			buildActionMask = 2147483647;
			files = (
				085800C11C899ADA00E7DB28 /* NSLayoutConstraint+MASDebugAdditions.m in Sources */,
				085800671C8997F600E7DB28 /* AppDelegate.m in Sources */,
				085800BF1C899ADA00E7DB28 /* MASViewConstraint.m in Sources */,
				085800971C89982400E7DB28 /* LYMasTableViewCell.m in Sources */,
				0858009A1C89983500E7DB28 /* LYMasTableViewController.m in Sources */,
				0858009D1C89984400E7DB28 /* LYMasModel.m in Sources */,
				085800C21C899ADA00E7DB28 /* View+MASAdditions.m in Sources */,
				085800BA1C899ADA00E7DB28 /* MASCompositeConstraint.m in Sources */,
				085800BE1C899ADA00E7DB28 /* MASViewAttribute.m in Sources */,
				085800BC1C899ADA00E7DB28 /* MASConstraintMaker.m in Sources */,
				085800C01C899ADA00E7DB28 /* NSArray+MASAdditions.m in Sources */,
				085800C31C899ADA00E7DB28 /* ViewController+MASAdditions.m in Sources */,
				085800BB1C899ADA00E7DB28 /* MASConstraint.m in Sources */,
				085800BD1C899ADA00E7DB28 /* MASLayoutConstraint.m in Sources */,
				085800641C8997F600E7DB28 /* main.m in Sources */,
			);
			runOnlyForDeploymentPostprocessing = 0;
		};
		085800741C8997F700E7DB28 /* Sources */ = {
			isa = PBXSourcesBuildPhase;
			buildActionMask = 2147483647;
			files = (
				0858007D1C8997F700E7DB28 /* LY_MasTableViewTests.m in Sources */,
			);
			runOnlyForDeploymentPostprocessing = 0;
		};
		0858007F1C8997F700E7DB28 /* Sources */ = {
			isa = PBXSourcesBuildPhase;
			buildActionMask = 2147483647;
			files = (
				085800881C8997F700E7DB28 /* LY_MasTableViewUITests.m in Sources */,
			);
			runOnlyForDeploymentPostprocessing = 0;
		};
/* End PBXSourcesBuildPhase section */

/* Begin PBXTargetDependency section */
		0858007A1C8997F700E7DB28 /* PBXTargetDependency */ = {
			isa = PBXTargetDependency;
			target = 0858005E1C8997F600E7DB28 /* LY_MasTableView */;
			targetProxy = 085800791C8997F700E7DB28 /* PBXContainerItemProxy */;
		};
		085800851C8997F700E7DB28 /* PBXTargetDependency */ = {
			isa = PBXTargetDependency;
			target = 0858005E1C8997F600E7DB28 /* LY_MasTableView */;
			targetProxy = 085800841C8997F700E7DB28 /* PBXContainerItemProxy */;
		};
/* End PBXTargetDependency section */

/* Begin PBXVariantGroup section */
		085800701C8997F700E7DB28 /* LaunchScreen.storyboard */ = {
			isa = PBXVariantGroup;
			children = (
				085800711C8997F700E7DB28 /* Base */,
			);
			name = LaunchScreen.storyboard;
			sourceTree = "<group>";
		};
/* End PBXVariantGroup section */

/* Begin XCBuildConfiguration section */
		0858008A1C8997F700E7DB28 /* Debug */ = {
			isa = XCBuildConfiguration;
			buildSettings = {
				ALWAYS_SEARCH_USER_PATHS = NO;
				CLANG_CXX_LANGUAGE_STANDARD = "gnu++0x";
				CLANG_CXX_LIBRARY = "libc++";
				CLANG_ENABLE_MODULES = YES;
				CLANG_ENABLE_OBJC_ARC = YES;
				CLANG_WARN_BOOL_CONVERSION = YES;
				CLANG_WARN_CONSTANT_CONVERSION = YES;
				CLANG_WARN_DIRECT_OBJC_ISA_USAGE = YES_ERROR;
				CLANG_WARN_EMPTY_BODY = YES;
				CLANG_WARN_ENUM_CONVERSION = YES;
				CLANG_WARN_INT_CONVERSION = YES;
				CLANG_WARN_OBJC_ROOT_CLASS = YES_ERROR;
				CLANG_WARN_UNREACHABLE_CODE = YES;
				CLANG_WARN__DUPLICATE_METHOD_MATCH = YES;
				"CODE_SIGN_IDENTITY[sdk=iphoneos*]" = "iPhone Developer";
				COPY_PHASE_STRIP = NO;
				DEBUG_INFORMATION_FORMAT = dwarf;
				ENABLE_STRICT_OBJC_MSGSEND = YES;
				ENABLE_TESTABILITY = YES;
				GCC_C_LANGUAGE_STANDARD = gnu99;
				GCC_DYNAMIC_NO_PIC = NO;
				GCC_NO_COMMON_BLOCKS = YES;
				GCC_OPTIMIZATION_LEVEL = 0;
				GCC_PREPROCESSOR_DEFINITIONS = (
					"DEBUG=1",
					"$(inherited)",
				);
				GCC_WARN_64_TO_32_BIT_CONVERSION = YES;
				GCC_WARN_ABOUT_RETURN_TYPE = YES_ERROR;
				GCC_WARN_UNDECLARED_SELECTOR = YES;
				GCC_WARN_UNINITIALIZED_AUTOS = YES_AGGRESSIVE;
				GCC_WARN_UNUSED_FUNCTION = YES;
				GCC_WARN_UNUSED_VARIABLE = YES;
				IPHONEOS_DEPLOYMENT_TARGET = 9.2;
				MTL_ENABLE_DEBUG_INFO = YES;
				ONLY_ACTIVE_ARCH = YES;
				SDKROOT = iphoneos;
				TARGETED_DEVICE_FAMILY = "1,2";
			};
			name = Debug;
		};
		0858008B1C8997F700E7DB28 /* Release */ = {
			isa = XCBuildConfiguration;
			buildSettings = {
				ALWAYS_SEARCH_USER_PATHS = NO;
				CLANG_CXX_LANGUAGE_STANDARD = "gnu++0x";
				CLANG_CXX_LIBRARY = "libc++";
				CLANG_ENABLE_MODULES = YES;
				CLANG_ENABLE_OBJC_ARC = YES;
				CLANG_WARN_BOOL_CONVERSION = YES;
				CLANG_WARN_CONSTANT_CONVERSION = YES;
				CLANG_WARN_DIRECT_OBJC_ISA_USAGE = YES_ERROR;
				CLANG_WARN_EMPTY_BODY = YES;
				CLANG_WARN_ENUM_CONVERSION = YES;
				CLANG_WARN_INT_CONVERSION = YES;
				CLANG_WARN_OBJC_ROOT_CLASS = YES_ERROR;
				CLANG_WARN_UNREACHABLE_CODE = YES;
				CLANG_WARN__DUPLICATE_METHOD_MATCH = YES;
				"CODE_SIGN_IDENTITY[sdk=iphoneos*]" = "iPhone Developer";
				COPY_PHASE_STRIP = NO;
				DEBUG_INFORMATION_FORMAT = "dwarf-with-dsym";
				ENABLE_NS_ASSERTIONS = NO;
				ENABLE_STRICT_OBJC_MSGSEND = YES;
				GCC_C_LANGUAGE_STANDARD = gnu99;
				GCC_NO_COMMON_BLOCKS = YES;
				GCC_WARN_64_TO_32_BIT_CONVERSION = YES;
				GCC_WARN_ABOUT_RETURN_TYPE = YES_ERROR;
				GCC_WARN_UNDECLARED_SELECTOR = YES;
				GCC_WARN_UNINITIALIZED_AUTOS = YES_AGGRESSIVE;
				GCC_WARN_UNUSED_FUNCTION = YES;
				GCC_WARN_UNUSED_VARIABLE = YES;
				IPHONEOS_DEPLOYMENT_TARGET = 9.2;
				MTL_ENABLE_DEBUG_INFO = NO;
				SDKROOT = iphoneos;
				TARGETED_DEVICE_FAMILY = "1,2";
				VALIDATE_PRODUCT = YES;
			};
			name = Release;
		};
		0858008D1C8997F700E7DB28 /* Debug */ = {
			isa = XCBuildConfiguration;
			buildSettings = {
				ASSETCATALOG_COMPILER_APPICON_NAME = AppIcon;
				INFOPLIST_FILE = LY_MasTableView/Info.plist;
				IPHONEOS_DEPLOYMENT_TARGET = 8.0;
				LD_RUNPATH_SEARCH_PATHS = "$(inherited) @executable_path/Frameworks";
				PRODUCT_BUNDLE_IDENTIFIER = "com.liyang.LY-MasTableView";
				PRODUCT_NAME = "$(TARGET_NAME)";
			};
			name = Debug;
		};
		0858008E1C8997F700E7DB28 /* Release */ = {
			isa = XCBuildConfiguration;
			buildSettings = {
				ASSETCATALOG_COMPILER_APPICON_NAME = AppIcon;
				INFOPLIST_FILE = LY_MasTableView/Info.plist;
				IPHONEOS_DEPLOYMENT_TARGET = 8.0;
				LD_RUNPATH_SEARCH_PATHS = "$(inherited) @executable_path/Frameworks";
				PRODUCT_BUNDLE_IDENTIFIER = "com.liyang.LY-MasTableView";
				PRODUCT_NAME = "$(TARGET_NAME)";
			};
			name = Release;
		};
		085800901C8997F700E7DB28 /* Debug */ = {
			isa = XCBuildConfiguration;
			buildSettings = {
				BUNDLE_LOADER = "$(TEST_HOST)";
				INFOPLIST_FILE = LY_MasTableViewTests/Info.plist;
				LD_RUNPATH_SEARCH_PATHS = "$(inherited) @executable_path/Frameworks @loader_path/Frameworks";
				PRODUCT_BUNDLE_IDENTIFIER = "com.liyang.LY-MasTableViewTests";
				PRODUCT_NAME = "$(TARGET_NAME)";
				TEST_HOST = "$(BUILT_PRODUCTS_DIR)/LY_MasTableView.app/LY_MasTableView";
			};
			name = Debug;
		};
		085800911C8997F700E7DB28 /* Release */ = {
			isa = XCBuildConfiguration;
			buildSettings = {
				BUNDLE_LOADER = "$(TEST_HOST)";
				INFOPLIST_FILE = LY_MasTableViewTests/Info.plist;
				LD_RUNPATH_SEARCH_PATHS = "$(inherited) @executable_path/Frameworks @loader_path/Frameworks";
				PRODUCT_BUNDLE_IDENTIFIER = "com.liyang.LY-MasTableViewTests";
				PRODUCT_NAME = "$(TARGET_NAME)";
				TEST_HOST = "$(BUILT_PRODUCTS_DIR)/LY_MasTableView.app/LY_MasTableView";
			};
			name = Release;
		};
		085800931C8997F700E7DB28 /* Debug */ = {
			isa = XCBuildConfiguration;
			buildSettings = {
				INFOPLIST_FILE = LY_MasTableViewUITests/Info.plist;
				LD_RUNPATH_SEARCH_PATHS = "$(inherited) @executable_path/Frameworks @loader_path/Frameworks";
				PRODUCT_BUNDLE_IDENTIFIER = "com.liyang.LY-MasTableViewUITests";
				PRODUCT_NAME = "$(TARGET_NAME)";
				TEST_TARGET_NAME = LY_MasTableView;
				USES_XCTRUNNER = YES;
			};
			name = Debug;
		};
		085800941C8997F700E7DB28 /* Release */ = {
			isa = XCBuildConfiguration;
			buildSettings = {
				INFOPLIST_FILE = LY_MasTableViewUITests/Info.plist;
				LD_RUNPATH_SEARCH_PATHS = "$(inherited) @executable_path/Frameworks @loader_path/Frameworks";
				PRODUCT_BUNDLE_IDENTIFIER = "com.liyang.LY-MasTableViewUITests";
				PRODUCT_NAME = "$(TARGET_NAME)";
				TEST_TARGET_NAME = LY_MasTableView;
				USES_XCTRUNNER = YES;
			};
			name = Release;
		};
/* End XCBuildConfiguration section */

/* Begin XCConfigurationList section */
		0858005A1C8997F600E7DB28 /* Build configuration list for PBXProject "LY_MasTableView" */ = {
			isa = XCConfigurationList;
			buildConfigurations = (
				0858008A1C8997F700E7DB28 /* Debug */,
				0858008B1C8997F700E7DB28 /* Release */,
			);
			defaultConfigurationIsVisible = 0;
			defaultConfigurationName = Release;
		};
		0858008C1C8997F700E7DB28 /* Build configuration list for PBXNativeTarget "LY_MasTableView" */ = {
			isa = XCConfigurationList;
			buildConfigurations = (
				0858008D1C8997F700E7DB28 /* Debug */,
				0858008E1C8997F700E7DB28 /* Release */,
			);
			defaultConfigurationIsVisible = 0;
		};
		0858008F1C8997F700E7DB28 /* Build configuration list for PBXNativeTarget "LY_MasTableViewTests" */ = {
			isa = XCConfigurationList;
			buildConfigurations = (
				085800901C8997F700E7DB28 /* Debug */,
				085800911C8997F700E7DB28 /* Release */,
			);
			defaultConfigurationIsVisible = 0;
		};
		085800921C8997F700E7DB28 /* Build configuration list for PBXNativeTarget "LY_MasTableViewUITests" */ = {
			isa = XCConfigurationList;
			buildConfigurations = (
				085800931C8997F700E7DB28 /* Debug */,
				085800941C8997F700E7DB28 /* Release */,
			);
			defaultConfigurationIsVisible = 0;
		};
/* End XCConfigurationList section */
	};
	rootObject = 085800571C8997F600E7DB28 /* Project object */;
}
